dependencies:
  espressif/button:
    component_hash: ea6e01641b8dcf196ecc48be2961b1f20af397b61a752ab041a19282e41bafcb
    dependencies:
    - name: espressif/cmake_utilities
      registry_url: https://components.espressif.com
      require: private
      version: '*'
    - name: idf
      require: private
      version: '>=4.0'
    source:
      registry_url: https://components.espressif.com/
      type: service
    version: 4.1.1
  espressif/cmake_utilities:
    component_hash: 05165f30922b422b4b90c08845e6d449329b97370fbd06309803d8cb539d79e3
    dependencies:
    - name: idf
      require: private
      version: '>=4.1'
    source:
      registry_url: https://components.espressif.com/
      type: service
    version: 1.1.1
  espressif/ssd1306:
    component_hash: 102cfc05b1b304862fa3f494e9dd955844bcc5f6cb16596e4ca5df3e6bf9fd0d
    dependencies:
    - name: idf
      require: private
      version: '>=4.0'
    source:
      registry_url: https://components.espressif.com/
      type: service
    version: 1.0.5~1
  idf:
    source:
      type: idf
    version: 5.4.0
direct_dependencies:
- espressif/button
- espressif/cmake_utilities
- espressif/ssd1306
- idf
manifest_hash: fa9e64ea16a534d822845f6d0c0ada8eef259d75d568c604c364dbf401871bdf
target: esp32s2
version: 2.0.0
